// !$*UTF8*$!
{
	archiveVersion = 1;
	classes = {
	};
	objectVersion = 77;
	objects = {

/* Begin PBXBuildFile section */
		EE869E2B2F6D142200C90B39 /* EdgeCommander.framework in Frameworks */ = {isa = PBXBuildFile; fileRef = EED4B1072F68FA850099C659 /* EdgeCommander.framework */; };
		EE869E2C2F6D142200C90B39 /* EdgeCommander.framework in Embed Frameworks */ = {isa = PBXBuildFile; fileRef = EED4B1072F68FA850099C659 /* EdgeCommander.framework */; settings = {ATTRIBUTES = (CodeSignOnCopy, RemoveHeadersOnCopy, ); }; };
		EE869E302F6D142500C90B39 /* EdgeCommonLib.framework in Frameworks */ = {isa = PBXBuildFile; fileRef = EE869E0F2F6D0AE800C90B39 /* EdgeCommonLib.framework */; };
		EE869E312F6D142500C90B39 /* EdgeCommonLib.framework in Embed Frameworks */ = {isa = PBXBuildFile; fileRef = EE869E0F2F6D0AE800C90B39 /* EdgeCommonLib.framework */; settings = {ATTRIBUTES = (CodeSignOnCopy, RemoveHeadersOnCopy, ); }; };
		EED4B1132F68FA850099C659 /* EdgeCommander.framework in Frameworks */ = {isa = PBXBuildFile; fileRef = EED4B1072F68FA850099C659 /* EdgeCommander.framework */; };
		EED4B1262F68FF630099C659 /* EdgeCommonLib.framework in Frameworks */ = {isa = PBXBuildFile; fileRef = EED4B1252F68FF630099C659 /* EdgeCommonLib.framework */; };
/* End PBXBuildFile section */

/* Begin PBXContainerItemProxy section */
		EE869E0E2F6D0AE800C90B39 /* PBXContainerItemProxy */ = {
			isa = PBXContainerItemProxy;
			containerPortal = EED4B1292F68FF720099C659 /* EdgeCommonLib.xcodeproj */;
			proxyType = 2;
			remoteGlobalIDString = EEF8C0D52C4BAC5900736101;
			remoteInfo = EdgeCommonLib;
		};
		EE869E2D2F6D142200C90B39 /* PBXContainerItemProxy */ = {
			isa = PBXContainerItemProxy;
			containerPortal = EED4B0FE2F68FA850099C659 /* Project object */;
			proxyType = 1;
			remoteGlobalIDString = EED4B1062F68FA850099C659;
			remoteInfo = EdgeCommander;
		};
		EED4B1142F68FA850099C659 /* PBXContainerItemProxy */ = {
			isa = PBXContainerItemProxy;
			containerPortal = EED4B0FE2F68FA850099C659 /* Project object */;
			proxyType = 1;
			remoteGlobalIDString = EED4B1062F68FA850099C659;
			remoteInfo = EdgeCommander;
		};
/* End PBXContainerItemProxy section */

/* Begin PBXCopyFilesBuildPhase section */
		EE869E2F2F6D142200C90B39 /* Embed Frameworks */ = {
			isa = PBXCopyFilesBuildPhase;
			buildActionMask = 2147483647;
			dstPath = "";
			dstSubfolderSpec = 10;
			files = (
				EE869E312F6D142500C90B39 /* EdgeCommonLib.framework in Embed Frameworks */,
				EE869E2C2F6D142200C90B39 /* EdgeCommander.framework in Embed Frameworks */,
			);
			name = "Embed Frameworks";
			runOnlyForDeploymentPostprocessing = 0;
		};
/* End PBXCopyFilesBuildPhase section */

/* Begin PBXFileReference section */
		EE869E162F6D13A400C90B39 /* EdgeCommanderTestApp.app */ = {isa = PBXFileReference; explicitFileType = wrapper.application; includeInIndex = 0; path = EdgeCommanderTestApp.app; sourceTree = BUILT_PRODUCTS_DIR; };
		EED4B1072F68FA850099C659 /* EdgeCommander.framework */ = {isa = PBXFileReference; explicitFileType = wrapper.framework; includeInIndex = 0; path = EdgeCommander.framework; sourceTree = BUILT_PRODUCTS_DIR; };
		EED4B1122F68FA850099C659 /* EdgeCommanderTests.xctest */ = {isa = PBXFileReference; explicitFileType = wrapper.cfbundle; includeInIndex = 0; path = EdgeCommanderTests.xctest; sourceTree = BUILT_PRODUCTS_DIR; };
		EED4B1252F68FF630099C659 /* EdgeCommonLib.framework */ = {isa = PBXFileReference; explicitFileType = wrapper.framework; path = EdgeCommonLib.framework; sourceTree = BUILT_PRODUCTS_DIR; };
		EED4B1292F68FF720099C659 /* EdgeCommonLib.xcodeproj */ = {isa = PBXFileReference; lastKnownFileType = "wrapper.pb-project"; name = EdgeCommonLib.xcodeproj; path = ../EdgeCommonLib/EdgeCommonLib.xcodeproj; sourceTree = "<group>"; };
/* End PBXFileReference section */

/* Begin PBXFileSystemSynchronizedRootGroup section */
		EE869E172F6D13A400C90B39 /* EdgeCommanderTestApp */ = {
			isa = PBXFileSystemSynchronizedRootGroup;
			path = EdgeCommanderTestApp;
			sourceTree = "<group>";
		};
		EED4B1092F68FA850099C659 /* EdgeCommander */ = {
			isa = PBXFileSystemSynchronizedRootGroup;
			path = EdgeCommander;
			sourceTree = "<group>";
		};
		EED4B1162F68FA850099C659 /* EdgeCommanderTests */ = {
			isa = PBXFileSystemSynchronizedRootGroup;
			path = EdgeCommanderTests;
			sourceTree = "<group>";
		};
/* End PBXFileSystemSynchronizedRootGroup section */

/* Begin PBXFrameworksBuildPhase section */
		EE869E132F6D13A400C90B39 /* Frameworks */ = {
			isa = PBXFrameworksBuildPhase;
			buildActionMask = 2147483647;
			files = (
				EE869E302F6D142500C90B39 /* EdgeCommonLib.framework in Frameworks */,
				EE869E2B2F6D142200C90B39 /* EdgeCommander.framework in Frameworks */,
			);
			runOnlyForDeploymentPostprocessing = 0;
		};
		EED4B1042F68FA850099C659 /* Frameworks */ = {
			isa = PBXFrameworksBuildPhase;
			buildActionMask = 2147483647;
			files = (
				EED4B1262F68FF630099C659 /* EdgeCommonLib.framework in Frameworks */,
			);
			runOnlyForDeploymentPostprocessing = 0;
		};
		EED4B10F2F68FA850099C659 /* Frameworks */ = {
			isa = PBXFrameworksBuildPhase;
			buildActionMask = 2147483647;
			files = (
				EED4B1132F68FA850099C659 /* EdgeCommander.framework in Frameworks */,
			);
			runOnlyForDeploymentPostprocessing = 0;
		};
/* End PBXFrameworksBuildPhase section */

/* Begin PBXGroup section */
		EE11F0622F6A2D7500A67859 /* Products */ = {
			isa = PBXGroup;
			children = (
				EE869E0F2F6D0AE800C90B39 /* EdgeCommonLib.framework */,
			);
			name = Products;
			sourceTree = "<group>";
		};
		EED4B0FD2F68FA850099C659 = {
			isa = PBXGroup;
			children = (
				EED4B1292F68FF720099C659 /* EdgeCommonLib.xcodeproj */,
				EED4B1092F68FA850099C659 /* EdgeCommander */,
				EED4B1162F68FA850099C659 /* EdgeCommanderTests */,
				EE869E172F6D13A400C90B39 /* EdgeCommanderTestApp */,
				EED4B1242F68FF630099C659 /* Frameworks */,
				EED4B1082F68FA850099C659 /* Products */,
			);
			sourceTree = "<group>";
		};
		EED4B1082F68FA850099C659 /* Products */ = {
			isa = PBXGroup;
			children = (
				EED4B1072F68FA850099C659 /* EdgeCommander.framework */,
				EED4B1122F68FA850099C659 /* EdgeCommanderTests.xctest */,
				EE869E162F6D13A400C90B39 /* EdgeCommanderTestApp.app */,
			);
			name = Products;
			sourceTree = "<group>";
		};
		EED4B1242F68FF630099C659 /* Frameworks */ = {
			isa = PBXGroup;
			children = (
				EED4B1252F68FF630099C659 /* EdgeCommonLib.framework */,
			);
			name = Frameworks;
			sourceTree = "<group>";
		};
/* End PBXGroup section */

/* Begin PBXHeadersBuildPhase section */
		EED4B1022F68FA850099C659 /* Headers */ = {
			isa = PBXHeadersBuildPhase;
			buildActionMask = 2147483647;
			files = (
			);
			runOnlyForDeploymentPostprocessing = 0;
		};
/* End PBXHeadersBuildPhase section */

/* Begin PBXNativeTarget section */
		EE869E152F6D13A400C90B39 /* EdgeCommanderTestApp */ = {
			isa = PBXNativeTarget;
			buildConfigurationList = EE869E212F6D13A400C90B39 /* Build configuration list for PBXNativeTarget "EdgeCommanderTestApp" */;
			buildPhases = (
				EE869E122F6D13A400C90B39 /* Sources */,
				EE869E132F6D13A400C90B39 /* Frameworks */,
				EE869E142F6D13A400C90B39 /* Resources */,
				EE869E2F2F6D142200C90B39 /* Embed Frameworks */,
			);
			buildRules = (
			);
			dependencies = (
				EE869E2E2F6D142200C90B39 /* PBXTargetDependency */,
			);
			fileSystemSynchronizedGroups = (
				EE869E172F6D13A400C90B39 /* EdgeCommanderTestApp */,
			);
			name = EdgeCommanderTestApp;
			packageProductDependencies = (
			);
			productName = EdgeCommanderTestApp;
			productReference = EE869E162F6D13A400C90B39 /* EdgeCommanderTestApp.app */;
			productType = "com.apple.product-type.application";
		};
		EED4B1062F68FA850099C659 /* EdgeCommander */ = {
			isa = PBXNativeTarget;
			buildConfigurationList = EED4B11B2F68FA850099C659 /* Build configuration list for PBXNativeTarget "EdgeCommander" */;
			buildPhases = (
				EED4B1022F68FA850099C659 /* Headers */,
				EED4B1032F68FA850099C659 /* Sources */,
				EED4B1042F68FA850099C659 /* Frameworks */,
				EED4B1052F68FA850099C659 /* Resources */,
			);
			buildRules = (
			);
			dependencies = (
			);
			fileSystemSynchronizedGroups = (
				EED4B1092F68FA850099C659 /* EdgeCommander */,
			);
			name = EdgeCommander;
			packageProductDependencies = (
			);
			productName = EdgeCommander;
			productReference = EED4B1072F68FA850099C659 /* EdgeCommander.framework */;
			productType = "com.apple.product-type.framework";
		};
		EED4B1112F68FA850099C659 /* EdgeCommanderTests */ = {
			isa = PBXNativeTarget;
			buildConfigurationList = EED4B11E2F68FA850099C659 /* Build configuration list for PBXNativeTarget "EdgeCommanderTests" */;
			buildPhases = (
				EED4B10E2F68FA850099C659 /* Sources */,
				EED4B10F2F68FA850099C659 /* Frameworks */,
				EED4B1102F68FA850099C659 /* Resources */,
			);
			buildRules = (
			);
			dependencies = (
				EED4B1152F68FA850099C659 /* PBXTargetDependency */,
			);
			fileSystemSynchronizedGroups = (
				EED4B1162F68FA850099C659 /* EdgeCommanderTests */,
			);
			name = EdgeCommanderTests;
			packageProductDependencies = (
			);
			productName = EdgeCommanderTests;
			productReference = EED4B1122F68FA850099C659 /* EdgeCommanderTests.xctest */;
			productType = "com.apple.product-type.bundle.unit-test";
		};
/* End PBXNativeTarget section */

/* Begin PBXProject section */
		EED4B0FE2F68FA850099C659 /* Project object */ = {
			isa = PBXProject;
			attributes = {
				BuildIndependentTargetsInParallel = 1;
				LastSwiftUpdateCheck = 2630;
				LastUpgradeCheck = 2640;
				TargetAttributes = {
					EE869E152F6D13A400C90B39 = {
						CreatedOnToolsVersion = 26.3;
					};
					EED4B1062F68FA850099C659 = {
						CreatedOnToolsVersion = 26.3;
					};
					EED4B1112F68FA850099C659 = {
						CreatedOnToolsVersion = 26.3;
					};
				};
			};
			buildConfigurationList = EED4B1012F68FA850099C659 /* Build configuration list for PBXProject "EdgeCommander" */;
			developmentRegion = en;
			hasScannedForEncodings = 0;
			knownRegions = (
				en,
				Base,
				ja,
				ko,
				"zh-Hans",
			);
			mainGroup = EED4B0FD2F68FA850099C659;
			minimizedProjectReferenceProxies = 1;
			packageReferences = (
			);
			preferredProjectObjectVersion = 77;
			productRefGroup = EED4B1082F68FA850099C659 /* Products */;
			projectDirPath = "";
			projectReferences = (
				{
					ProductGroup = EE11F0622F6A2D7500A67859 /* Products */;
					ProjectRef = EED4B1292F68FF720099C659 /* EdgeCommonLib.xcodeproj */;
				},
			);
			projectRoot = "";
			targets = (
				EED4B1062F68FA850099C659 /* EdgeCommander */,
				EED4B1112F68FA850099C659 /* EdgeCommanderTests */,
				EE869E152F6D13A400C90B39 /* EdgeCommanderTestApp */,
			);
		};
/* End PBXProject section */

/* Begin PBXReferenceProxy section */
		EE869E0F2F6D0AE800C90B39 /* EdgeCommonLib.framework */ = {
			isa = PBXReferenceProxy;
			fileType = wrapper.framework;
			path = EdgeCommonLib.framework;
			remoteRef = EE869E0E2F6D0AE800C90B39 /* PBXContainerItemProxy */;
			sourceTree = BUILT_PRODUCTS_DIR;
		};
/* End PBXReferenceProxy section */

/* Begin PBXResourcesBuildPhase section */
		EE869E142F6D13A400C90B39 /* Resources */ = {
			isa = PBXResourcesBuildPhase;
			buildActionMask = 2147483647;
			files = (
			);
			runOnlyForDeploymentPostprocessing = 0;
		};
		EED4B1052F68FA850099C659 /* Resources */ = {
			isa = PBXResourcesBuildPhase;
			buildActionMask = 2147483647;
			files = (
			);
			runOnlyForDeploymentPostprocessing = 0;
		};
		EED4B1102F68FA850099C659 /* Resources */ = {
			isa = PBXResourcesBuildPhase;
			buildActionMask = 2147483647;
			files = (
			);
			runOnlyForDeploymentPostprocessing = 0;
		};
/* End PBXResourcesBuildPhase section */

/* Begin PBXSourcesBuildPhase section */
		EE869E122F6D13A400C90B39 /* Sources */ = {
			isa = PBXSourcesBuildPhase;
			buildActionMask = 2147483647;
			files = (
			);
			runOnlyForDeploymentPostprocessing = 0;
		};
		EED4B1032F68FA850099C659 /* Sources */ = {
			isa = PBXSourcesBuildPhase;
			buildActionMask = 2147483647;
			files = (
			);
			runOnlyForDeploymentPostprocessing = 0;
		};
		EED4B10E2F68FA850099C659 /* Sources */ = {
			isa = PBXSourcesBuildPhase;
			buildActionMask = 2147483647;
			files = (
			);
			runOnlyForDeploymentPostprocessing = 0;
		};
/* End PBXSourcesBuildPhase section */

/* Begin PBXTargetDependency section */
		EE869E2E2F6D142200C90B39 /* PBXTargetDependency */ = {
			isa = PBXTargetDependency;
			target = EED4B1062F68FA850099C659 /* EdgeCommander */;
			targetProxy = EE869E2D2F6D142200C90B39 /* PBXContainerItemProxy */;
		};
		EED4B1152F68FA850099C659 /* PBXTargetDependency */ = {
			isa = PBXTargetDependency;
			target = EED4B1062F68FA850099C659 /* EdgeCommander */;
			targetProxy = EED4B1142F68FA850099C659 /* PBXContainerItemProxy */;
		};
/* End PBXTargetDependency section */

/* Begin XCBuildConfiguration section */
		EE869E222F6D13A400C90B39 /* Debug */ = {
			isa = XCBuildConfiguration;
			buildSettings = {
				ASSETCATALOG_COMPILER_APPICON_NAME = AppIcon;
				ASSETCATALOG_COMPILER_GLOBAL_ACCENT_COLOR_NAME = AccentColor;
				BUILD_LIBRARY_FOR_DISTRIBUTION = YES;
				CODE_SIGN_STYLE = Automatic;
				COMBINE_HIDPI_IMAGES = YES;
				CURRENT_PROJECT_VERSION = 1;
				DEAD_CODE_STRIPPING = YES;
				DEVELOPMENT_TEAM = E7829W88M3;
				ENABLE_APP_SANDBOX = YES;
				ENABLE_HARDENED_RUNTIME = YES;
				ENABLE_USER_SELECTED_FILES = readonly;
				GENERATE_INFOPLIST_FILE = YES;
				INFOPLIST_KEY_NSHumanReadableCopyright = "";
				INFOPLIST_KEY_NSMainStoryboardFile = "";
				INFOPLIST_KEY_NSPrincipalClass = NSApplication;
				LD_RUNPATH_SEARCH_PATHS = (
					"$(inherited)",
					"@executable_path/../Frameworks",
				);
				MARKETING_VERSION = 1.0;
				PRODUCT_BUNDLE_IDENTIFIER = djhan.EdgeCommanderTestApp;
				PRODUCT_NAME = "$(TARGET_NAME)";
				REGISTER_APP_GROUPS = YES;
				STRING_CATALOG_GENERATE_SYMBOLS = YES;
				SWIFT_APPROACHABLE_CONCURRENCY = YES;
				SWIFT_DEFAULT_ACTOR_ISOLATION = MainActor;
				SWIFT_EMIT_LOC_STRINGS = YES;
				SWIFT_UPCOMING_FEATURE_MEMBER_IMPORT_VISIBILITY = YES;
				SWIFT_VERSION = 5.0;
			};
			name = Debug;
		};
		EE869E232F6D13A400C90B39 /* Release */ = {
			isa = XCBuildConfiguration;
			buildSettings = {
				ASSETCATALOG_COMPILER_APPICON_NAME = AppIcon;
				ASSETCATALOG_COMPILER_GLOBAL_ACCENT_COLOR_NAME = AccentColor;
				BUILD_LIBRARY_FOR_DISTRIBUTION = YES;
				CODE_SIGN_STYLE = Automatic;
				COMBINE_HIDPI_IMAGES = YES;
				CURRENT_PROJECT_VERSION = 1;
				DEAD_CODE_STRIPPING = YES;
				DEVELOPMENT_TEAM = E7829W88M3;
				ENABLE_APP_SANDBOX = YES;
				ENABLE_HARDENED_RUNTIME = YES;
				ENABLE_USER_SELECTED_FILES = readonly;
				GENERATE_INFOPLIST_FILE = YES;
				INFOPLIST_KEY_NSHumanReadableCopyright = "";
				INFOPLIST_KEY_NSMainStoryboardFile = "";
				INFOPLIST_KEY_NSPrincipalClass = NSApplication;
				LD_RUNPATH_SEARCH_PATHS = (
					"$(inherited)",
					"@executable_path/../Frameworks",
				);
				MARKETING_VERSION = 1.0;
				PRODUCT_BUNDLE_IDENTIFIER = djhan.EdgeCommanderTestApp;
				PRODUCT_NAME = "$(TARGET_NAME)";
				REGISTER_APP_GROUPS = YES;
				STRING_CATALOG_GENERATE_SYMBOLS = YES;
				SWIFT_APPROACHABLE_CONCURRENCY = YES;
				SWIFT_DEFAULT_ACTOR_ISOLATION = MainActor;
				SWIFT_EMIT_LOC_STRINGS = YES;
				SWIFT_UPCOMING_FEATURE_MEMBER_IMPORT_VISIBILITY = YES;
				SWIFT_VERSION = 5.0;
			};
			name = Release;
		};
		EED4B1192F68FA850099C659 /* Debug */ = {
			isa = XCBuildConfiguration;
			buildSettings = {
				ALWAYS_SEARCH_USER_PATHS = NO;
				ASSETCATALOG_COMPILER_GENERATE_SWIFT_ASSET_SYMBOL_EXTENSIONS = YES;
				CLANG_ANALYZER_LOCALIZABILITY_NONLOCALIZED = YES;
				CLANG_ANALYZER_NONNULL = YES;
				CLANG_ANALYZER_NUMBER_OBJECT_CONVERSION = YES_AGGRESSIVE;
				CLANG_CXX_LANGUAGE_STANDARD = "gnu++20";
				CLANG_ENABLE_MODULES = YES;
				CLANG_ENABLE_OBJC_ARC = YES;
				CLANG_ENABLE_OBJC_WEAK = YES;
				CLANG_WARN_BLOCK_CAPTURE_AUTORELEASING = YES;
				CLANG_WARN_BOOL_CONVERSION = YES;
				CLANG_WARN_COMMA = YES;
				CLANG_WARN_CONSTANT_CONVERSION = YES;
				CLANG_WARN_DEPRECATED_OBJC_IMPLEMENTATIONS = YES;
				CLANG_WARN_DIRECT_OBJC_ISA_USAGE = YES_ERROR;
				CLANG_WARN_DOCUMENTATION_COMMENTS = YES;
				CLANG_WARN_EMPTY_BODY = YES;
				CLANG_WARN_ENUM_CONVERSION = YES;
				CLANG_WARN_INFINITE_RECURSION = YES;
				CLANG_WARN_INT_CONVERSION = YES;
				CLANG_WARN_NON_LITERAL_NULL_CONVERSION = YES;
				CLANG_WARN_OBJC_IMPLICIT_RETAIN_SELF = YES;
				CLANG_WARN_OBJC_LITERAL_CONVERSION = YES;
				CLANG_WARN_OBJC_ROOT_CLASS = YES_ERROR;
				CLANG_WARN_QUOTED_INCLUDE_IN_FRAMEWORK_HEADER = YES;
				CLANG_WARN_RANGE_LOOP_ANALYSIS = YES;
				CLANG_WARN_STRICT_PROTOTYPES = YES;
				CLANG_WARN_SUSPICIOUS_MOVE = YES;
				CLANG_WARN_UNGUARDED_AVAILABILITY = YES_AGGRESSIVE;
				CLANG_WARN_UNREACHABLE_CODE = YES;
				CLANG_WARN__DUPLICATE_METHOD_MATCH = YES;
				COPY_PHASE_STRIP = NO;
				CURRENT_PROJECT_VERSION = 1;
				DEAD_CODE_STRIPPING = YES;
				DEBUG_INFORMATION_FORMAT = dwarf;
				DEVELOPMENT_TEAM = E7829W88M3;
				ENABLE_STRICT_OBJC_MSGSEND = YES;
				ENABLE_TESTABILITY = YES;
				ENABLE_USER_SCRIPT_SANDBOXING = YES;
				GCC_C_LANGUAGE_STANDARD = gnu17;
				GCC_DYNAMIC_NO_PIC = NO;
				GCC_NO_COMMON_BLOCKS = YES;
				GCC_OPTIMIZATION_LEVEL = 0;
				GCC_PREPROCESSOR_DEFINITIONS = (
					"DEBUG=1",
					"$(inherited)",
				);
				GCC_WARN_64_TO_32_BIT_CONVERSION = YES;
				GCC_WARN_ABOUT_RETURN_TYPE = YES_ERROR;
				GCC_WARN_UNDECLARED_SELECTOR = YES;
				GCC_WARN_UNINITIALIZED_AUTOS = YES_AGGRESSIVE;
				GCC_WARN_UNUSED_FUNCTION = YES;
				GCC_WARN_UNUSED_VARIABLE = YES;
				LOCALIZATION_PREFERS_STRING_CATALOGS = YES;
				MACOSX_DEPLOYMENT_TARGET = 26.2;
				MTL_ENABLE_DEBUG_INFO = INCLUDE_SOURCE;
				MTL_FAST_MATH = YES;
				ONLY_ACTIVE_ARCH = YES;
				SDKROOT = macosx;
				STRING_CATALOG_GENERATE_SYMBOLS = YES;
				SWIFT_ACTIVE_COMPILATION_CONDITIONS = "DEBUG $(inherited)";
				SWIFT_OPTIMIZATION_LEVEL = "-Onone";
				VERSIONING_SYSTEM = "apple-generic";
				VERSION_INFO_PREFIX = "";
			};
			name = Debug;
		};
		EED4B11A2F68FA850099C659 /* Release */ = {
			isa = XCBuildConfiguration;
			buildSettings = {
				ALWAYS_SEARCH_USER_PATHS = NO;
				ASSETCATALOG_COMPILER_GENERATE_SWIFT_ASSET_SYMBOL_EXTENSIONS = YES;
				CLANG_ANALYZER_LOCALIZABILITY_NONLOCALIZED = YES;
				CLANG_ANALYZER_NONNULL = YES;
				CLANG_ANALYZER_NUMBER_OBJECT_CONVERSION = YES_AGGRESSIVE;
				CLANG_CXX_LANGUAGE_STANDARD = "gnu++20";
				CLANG_ENABLE_MODULES = YES;
				CLANG_ENABLE_OBJC_ARC = YES;
				CLANG_ENABLE_OBJC_WEAK = YES;
				CLANG_WARN_BLOCK_CAPTURE_AUTORELEASING = YES;
				CLANG_WARN_BOOL_CONVERSION = YES;
				CLANG_WARN_COMMA = YES;
				CLANG_WARN_CONSTANT_CONVERSION = YES;
				CLANG_WARN_DEPRECATED_OBJC_IMPLEMENTATIONS = YES;
				CLANG_WARN_DIRECT_OBJC_ISA_USAGE = YES_ERROR;
				CLANG_WARN_DOCUMENTATION_COMMENTS = YES;
				CLANG_WARN_EMPTY_BODY = YES;
				CLANG_WARN_ENUM_CONVERSION = YES;
				CLANG_WARN_INFINITE_RECURSION = YES;
				CLANG_WARN_INT_CONVERSION = YES;
				CLANG_WARN_NON_LITERAL_NULL_CONVERSION = YES;
				CLANG_WARN_OBJC_IMPLICIT_RETAIN_SELF = YES;
				CLANG_WARN_OBJC_LITERAL_CONVERSION = YES;
				CLANG_WARN_OBJC_ROOT_CLASS = YES_ERROR;
				CLANG_WARN_QUOTED_INCLUDE_IN_FRAMEWORK_HEADER = YES;
				CLANG_WARN_RANGE_LOOP_ANALYSIS = YES;
				CLANG_WARN_STRICT_PROTOTYPES = YES;
				CLANG_WARN_SUSPICIOUS_MOVE = YES;
				CLANG_WARN_UNGUARDED_AVAILABILITY = YES_AGGRESSIVE;
				CLANG_WARN_UNREACHABLE_CODE = YES;
				CLANG_WARN__DUPLICATE_METHOD_MATCH = YES;
				COPY_PHASE_STRIP = NO;
				CURRENT_PROJECT_VERSION = 1;
				DEAD_CODE_STRIPPING = YES;
				DEBUG_INFORMATION_FORMAT = "dwarf-with-dsym";
				DEVELOPMENT_TEAM = E7829W88M3;
				ENABLE_NS_ASSERTIONS = NO;
				ENABLE_STRICT_OBJC_MSGSEND = YES;
				ENABLE_USER_SCRIPT_SANDBOXING = YES;
				GCC_C_LANGUAGE_STANDARD = gnu17;
				GCC_NO_COMMON_BLOCKS = YES;
				GCC_WARN_64_TO_32_BIT_CONVERSION = YES;
				GCC_WARN_ABOUT_RETURN_TYPE = YES_ERROR;
				GCC_WARN_UNDECLARED_SELECTOR = YES;
				GCC_WARN_UNINITIALIZED_AUTOS = YES_AGGRESSIVE;
				GCC_WARN_UNUSED_FUNCTION = YES;
				GCC_WARN_UNUSED_VARIABLE = YES;
				LOCALIZATION_PREFERS_STRING_CATALOGS = YES;
				MACOSX_DEPLOYMENT_TARGET = 26.2;
				MTL_ENABLE_DEBUG_INFO = NO;
				MTL_FAST_MATH = YES;
				SDKROOT = macosx;
				STRING_CATALOG_GENERATE_SYMBOLS = YES;
				SWIFT_COMPILATION_MODE = wholemodule;
				VERSIONING_SYSTEM = "apple-generic";
				VERSION_INFO_PREFIX = "";
			};
			name = Release;
		};
		EED4B11C2F68FA850099C659 /* Debug */ = {
			isa = XCBuildConfiguration;
			buildSettings = {
				BUILD_LIBRARY_FOR_DISTRIBUTION = YES;
				CODE_SIGN_IDENTITY = "";
				CODE_SIGN_STYLE = Automatic;
				COMBINE_HIDPI_IMAGES = YES;
				CURRENT_PROJECT_VERSION = 1;
				DEAD_CODE_STRIPPING = YES;
				DEVELOPMENT_TEAM = E7829W88M3;
				DYLIB_COMPATIBILITY_VERSION = 1;
				DYLIB_CURRENT_VERSION = 1;
				DYLIB_INSTALL_NAME_BASE = "@rpath";
				ENABLE_MODULE_VERIFIER = YES;
				GENERATE_INFOPLIST_FILE = YES;
				INFOPLIST_KEY_NSHumanReadableCopyright = "";
				INSTALL_PATH = "$(LOCAL_LIBRARY_DIR)/Frameworks";
				LD_RUNPATH_SEARCH_PATHS = (
					"$(inherited)",
					"@executable_path/../Frameworks",
					"@loader_path/Frameworks",
				);
				MARKETING_VERSION = 1.0;
				MODULE_VERIFIER_SUPPORTED_LANGUAGES = "objective-c objective-c++";
				MODULE_VERIFIER_SUPPORTED_LANGUAGE_STANDARDS = "gnu17 gnu++20";
				PRODUCT_BUNDLE_IDENTIFIER = djhan.EdgeCommander;
				PRODUCT_NAME = "$(TARGET_NAME:c99extidentifier)";
				SKIP_INSTALL = YES;
				STRING_CATALOG_GENERATE_SYMBOLS = YES;
				SWIFT_APPROACHABLE_CONCURRENCY = YES;
				SWIFT_EMIT_LOC_STRINGS = YES;
				SWIFT_INSTALL_MODULE = YES;
				SWIFT_INSTALL_OBJC_HEADER = NO;
				SWIFT_UPCOMING_FEATURE_MEMBER_IMPORT_VISIBILITY = YES;
				SWIFT_VERSION = 5.0;
			};
			name = Debug;
		};
		EED4B11D2F68FA850099C659 /* Release */ = {
			isa = XCBuildConfiguration;
			buildSettings = {
				BUILD_LIBRARY_FOR_DISTRIBUTION = YES;
				CODE_SIGN_IDENTITY = "";
				CODE_SIGN_STYLE = Automatic;
				COMBINE_HIDPI_IMAGES = YES;
				CURRENT_PROJECT_VERSION = 1;
				DEAD_CODE_STRIPPING = YES;
				DEVELOPMENT_TEAM = E7829W88M3;
				DYLIB_COMPATIBILITY_VERSION = 1;
				DYLIB_CURRENT_VERSION = 1;
				DYLIB_INSTALL_NAME_BASE = "@rpath";
				ENABLE_MODULE_VERIFIER = YES;
				GENERATE_INFOPLIST_FILE = YES;
				INFOPLIST_KEY_NSHumanReadableCopyright = "";
				INSTALL_PATH = "$(LOCAL_LIBRARY_DIR)/Frameworks";
				LD_RUNPATH_SEARCH_PATHS = (
					"$(inherited)",
					"@executable_path/../Frameworks",
					"@loader_path/Frameworks",
				);
				MARKETING_VERSION = 1.0;
				MODULE_VERIFIER_SUPPORTED_LANGUAGES = "objective-c objective-c++";
				MODULE_VERIFIER_SUPPORTED_LANGUAGE_STANDARDS = "gnu17 gnu++20";
				PRODUCT_BUNDLE_IDENTIFIER = djhan.EdgeCommander;
				PRODUCT_NAME = "$(TARGET_NAME:c99extidentifier)";
				SKIP_INSTALL = YES;
				STRING_CATALOG_GENERATE_SYMBOLS = YES;
				SWIFT_APPROACHABLE_CONCURRENCY = YES;
				SWIFT_EMIT_LOC_STRINGS = YES;
				SWIFT_INSTALL_MODULE = YES;
				SWIFT_INSTALL_OBJC_HEADER = NO;
				SWIFT_UPCOMING_FEATURE_MEMBER_IMPORT_VISIBILITY = YES;
				SWIFT_VERSION = 5.0;
			};
			name = Release;
		};
		EED4B11F2F68FA850099C659 /* Debug */ = {
			isa = XCBuildConfiguration;
			buildSettings = {
				CODE_SIGN_STYLE = Automatic;
				CURRENT_PROJECT_VERSION = 1;
				DEAD_CODE_STRIPPING = YES;
				DEVELOPMENT_TEAM = E7829W88M3;
				GENERATE_INFOPLIST_FILE = YES;
				MARKETING_VERSION = 1.0;
				PRODUCT_BUNDLE_IDENTIFIER = djhan.EdgeCommanderTests;
				PRODUCT_NAME = "$(TARGET_NAME)";
				STRING_CATALOG_GENERATE_SYMBOLS = NO;
				SWIFT_APPROACHABLE_CONCURRENCY = YES;
				SWIFT_EMIT_LOC_STRINGS = NO;
				SWIFT_UPCOMING_FEATURE_MEMBER_IMPORT_VISIBILITY = YES;
				SWIFT_VERSION = 5.0;
			};
			name = Debug;
		};
		EED4B1202F68FA850099C659 /* Release */ = {
			isa = XCBuildConfiguration;
			buildSettings = {
				CODE_SIGN_STYLE = Automatic;
				CURRENT_PROJECT_VERSION = 1;
				DEAD_CODE_STRIPPING = YES;
				DEVELOPMENT_TEAM = E7829W88M3;
				GENERATE_INFOPLIST_FILE = YES;
				MARKETING_VERSION = 1.0;
				PRODUCT_BUNDLE_IDENTIFIER = djhan.EdgeCommanderTests;
				PRODUCT_NAME = "$(TARGET_NAME)";
				STRING_CATALOG_GENERATE_SYMBOLS = NO;
				SWIFT_APPROACHABLE_CONCURRENCY = YES;
				SWIFT_EMIT_LOC_STRINGS = NO;
				SWIFT_UPCOMING_FEATURE_MEMBER_IMPORT_VISIBILITY = YES;
				SWIFT_VERSION = 5.0;
			};
			name = Release;
		};
/* End XCBuildConfiguration section */

/* Begin XCConfigurationList section */
		EE869E212F6D13A400C90B39 /* Build configuration list for PBXNativeTarget "EdgeCommanderTestApp" */ = {
			isa = XCConfigurationList;
			buildConfigurations = (
				EE869E222F6D13A400C90B39 /* Debug */,
				EE869E232F6D13A400C90B39 /* Release */,
			);
			defaultConfigurationIsVisible = 0;
			defaultConfigurationName = Release;
		};
		EED4B1012F68FA850099C659 /* Build configuration list for PBXProject "EdgeCommander" */ = {
			isa = XCConfigurationList;
			buildConfigurations = (
				EED4B1192F68FA850099C659 /* Debug */,
				EED4B11A2F68FA850099C659 /* Release */,
			);
			defaultConfigurationIsVisible = 0;
			defaultConfigurationName = Release;
		};
		EED4B11B2F68FA850099C659 /* Build configuration list for PBXNativeTarget "EdgeCommander" */ = {
			isa = XCConfigurationList;
			buildConfigurations = (
				EED4B11C2F68FA850099C659 /* Debug */,
				EED4B11D2F68FA850099C659 /* Release */,
			);
			defaultConfigurationIsVisible = 0;
			defaultConfigurationName = Release;
		};
		EED4B11E2F68FA850099C659 /* Build configuration list for PBXNativeTarget "EdgeCommanderTests" */ = {
			isa = XCConfigurationList;
			buildConfigurations = (
				EED4B11F2F68FA850099C659 /* Debug */,
				EED4B1202F68FA850099C659 /* Release */,
			);
			defaultConfigurationIsVisible = 0;
			defaultConfigurationName = Release;
		};
/* End XCConfigurationList section */
	};
	rootObject = EED4B0FE2F68FA850099C659 /* Project object */;
}
